{
  "name": "nativescript-directions",
  "version": "1.3.0",
  "lockfileVersion": 1,
  "requires": true,
  "dependencies": {
    "nativescript-appavailability": {
      "version": "1.3.1",
      "resolved": "https://registry.npmjs.org/nativescript-appavailability/-/nativescript-appavailability-1.3.1.tgz",
      "integrity": "sha1-wK2TR9v/yAQaXVqe6QmvRQ5BWsc="
    },
    "tns-core-modules": {
      "version": "4.2.0",
      "resolved": "https://registry.npmjs.org/tns-core-modules/-/tns-core-modules-4.2.0.tgz",
      "integrity": "sha512-tEbQfeXVp6i9RJAmC+erd63mr6NYw5nX/gzYDVb1Va52/Jdj9ZeGbXKAPyjVXZ3BGI6O9QM1jQUem/Ow6v5FqQ==",
      "dev": true,
      "requires": {
        "tns-core-modules-widgets": "4.2.0"
      },
      "dependencies": {
        "tns-core-modules-widgets": {
          "version": "4.2.0",
          "resolved": "https://registry.npmjs.org/tns-core-modules-widgets/-/tns-core-modules-widgets-4.2.0.tgz",
          "integrity": "sha512-0YlfWN1Wy2qFlnzwrwit910whA9TC9en1PxS/5Yx63lL9uXHyOB53C8POnKfM82YUFVPxifcpuYtCC7+DBXbag==",
          "dev": true
        }
      }
    },
    "tns-platform-declarations": {
      "version": "4.2.0",
      "resolved": "https://registry.npmjs.org/tns-platform-declarations/-/tns-platform-declarations-4.2.0.tgz",
      "integrity": "sha512-XY31UJiLzmQsYx4fdbG6yUIoEO/p5y3ApYvIYQlSzuXDaekKk96dfBPXNe9P3JNfZZSybQttK7Vqv9w9yTjdkA==",
      "dev": true
    },
    "tslint": {
      "version": "5.0.0",
      "resolved": "https://registry.npmjs.org/tslint/-/tslint-5.0.0.tgz",
      "integrity": "sha1-rTt5UvipshB5JIvuAcLq+SFn4YU=",
      "dev": true,
      "requires": {
        "babel-code-frame": "6.26.0",
        "colors": "1.3.1",
        "diff": "3.5.0",
        "findup-sync": "0.3.0",
        "glob": "7.1.2",
        "optimist": "0.6.1",
        "resolve": "1.8.1",
        "semver": "5.5.1",
        "tsutils": "1.9.1"
      },
      "dependencies": {
        "ansi-regex": {
          "version": "2.1.1",
          "resolved": "https://registry.npmjs.org/ansi-regex/-/ansi-regex-2.1.1.tgz",
          "integrity": "sha1-w7M6te42DYbg5ijwRorn7yfWVN8=",
          "dev": true
        },
        "ansi-styles": {
          "version": "2.2.1",
          "resolved": "https://registry.npmjs.org/ansi-styles/-/ansi-styles-2.2.1.tgz",
          "integrity": "sha1-tDLdM1i2NM914eRmQ2gkBTPB3b4=",
          "dev": true
        },
        "babel-code-frame": {
          "version": "6.26.0",
          "resolved": "https://registry.npmjs.org/babel-code-frame/-/babel-code-frame-6.26.0.tgz",
          "integrity": "sha1-Y/1D99weO7fONZR9uP42mj9Yx0s=",
          "dev": true,
          "requires": {
            "chalk": "1.1.3",
            "esutils": "2.0.2",
            "js-tokens": "3.0.2"
          }
        },
        "balanced-match": {
          "version": "1.0.0",
          "resolved": "https://registry.npmjs.org/balanced-match/-/balanced-match-1.0.0.tgz",
          "integrity": "sha1-ibTRmasr7kneFk6gK4nORi1xt2c=",
          "dev": true
        },
        "brace-expansion": {
          "version": "1.1.11",
          "resolved": "https://registry.npmjs.org/brace-expansion/-/brace-expansion-1.1.11.tgz",
          "integrity": "sha512-iCuPHDFgrHX7H2vEI/5xpz07zSHB00TpugqhmYtVmMO6518mCuRMoOYFldEBl0g187ufozdaHgWKcYFb61qGiA==",
          "dev": true,
          "requires": {
            "balanced-match": "1.0.0",
            "concat-map": "0.0.1"
          }
        },
        "chalk": {
          "version": "1.1.3",
          "resolved": "https://registry.npmjs.org/chalk/-/chalk-1.1.3.tgz",
          "integrity": "sha1-qBFcVeSnAv5NFQq9OHKCKn4J/Jg=",
          "dev": true,
          "requires": {
            "ansi-styles": "2.2.1",
            "escape-string-regexp": "1.0.5",
            "has-ansi": "2.0.0",
            "strip-ansi": "3.0.1",
            "supports-color": "2.0.0"
          }
        },
        "colors": {
          "version": "1.3.1",
          "resolved": "https://registry.npmjs.org/colors/-/colors-1.3.1.tgz",
          "integrity": "sha512-jg/vxRmv430jixZrC+La5kMbUWqIg32/JsYNZb94+JEmzceYbWKTsv1OuTp+7EaqiaWRR2tPcykibwCRgclIsw==",
          "dev": true
        },
        "concat-map": {
          "version": "0.0.1",
          "resolved": "https://registry.npmjs.org/concat-map/-/concat-map-0.0.1.tgz",
          "integrity": "sha1-2Klr13/Wjfd5OnMDajug1UBdR3s=",
          "dev": true
        },
        "diff": {
          "version": "3.5.0",
          "resolved": "https://registry.npmjs.org/diff/-/diff-3.5.0.tgz",
          "integrity": "sha512-A46qtFgd+g7pDZinpnwiRJtxbC1hpgf0uzP3iG89scHk0AUC7A1TGxf5OiiOUv/JMZR8GOt8hL900hV0bOy5xA==",
          "dev": true
        },
        "escape-string-regexp": {
          "version": "1.0.5",
          "resolved": "https://registry.npmjs.org/escape-string-regexp/-/escape-string-regexp-1.0.5.tgz",
          "integrity": "sha1-G2HAViGQqN/2rjuyzwIAyhMLhtQ=",
          "dev": true
        },
        "esutils": {
          "version": "2.0.2",
          "resolved": "https://registry.npmjs.org/esutils/-/esutils-2.0.2.tgz",
          "integrity": "sha1-Cr9PHKpbyx96nYrMbepPqqBLrJs=",
          "dev": true
        },
        "findup-sync": {
          "version": "0.3.0",
          "resolved": "https://registry.npmjs.org/findup-sync/-/findup-sync-0.3.0.tgz",
          "integrity": "sha1-N5MKpdgWt3fANEXhlmzGeQpMCxY=",
          "dev": true,
          "requires": {
            "glob": "5.0.15"
          },
          "dependencies": {
            "glob": {
              "version": "5.0.15",
              "resolved": "https://registry.npmjs.org/glob/-/glob-5.0.15.tgz",
              "integrity": "sha1-G8k2ueAvSmA/zCIuz3Yz0wuLk7E=",
              "dev": true,
              "requires": {
                "inflight": "1.0.6",
                "inherits": "2.0.3",
                "minimatch": "3.0.4",
                "once": "1.4.0",
                "path-is-absolute": "1.0.1"
              }
            }
          }
        },
        "fs.realpath": {
          "version": "1.0.0",
          "resolved": "https://registry.npmjs.org/fs.realpath/-/fs.realpath-1.0.0.tgz",
          "integrity": "sha1-FQStJSMVjKpA20onh8sBQRmU6k8=",
          "dev": true
        },
        "glob": {
          "version": "7.1.2",
          "resolved": "https://registry.npmjs.org/glob/-/glob-7.1.2.tgz",
          "integrity": "sha512-MJTUg1kjuLeQCJ+ccE4Vpa6kKVXkPYJ2mOCQyUuKLcLQsdrMCpBPUi8qVE6+YuaJkozeA9NusTAw3hLr8Xe5EQ==",
          "dev": true,
          "requires": {
            "fs.realpath": "1.0.0",
            "inflight": "1.0.6",
            "inherits": "2.0.3",
            "minimatch": "3.0.4",
            "once": "1.4.0",
            "path-is-absolute": "1.0.1"
          }
        },
        "has-ansi": {
          "version": "2.0.0",
          "resolved": "https://registry.npmjs.org/has-ansi/-/has-ansi-2.0.0.tgz",
          "integrity": "sha1-NPUEnOHs3ysGSa8+8k5F7TVBbZE=",
          "dev": true,
          "requires": {
            "ansi-regex": "2.1.1"
          }
        },
        "inflight": {
          "version": "1.0.6",
          "resolved": "https://registry.npmjs.org/inflight/-/inflight-1.0.6.tgz",
          "integrity": "sha1-Sb1jMdfQLQwJvJEKEHW6gWW1bfk=",
          "dev": true,
          "requires": {
            "once": "1.4.0",
            "wrappy": "1.0.2"
          }
        },
        "inherits": {
          "version": "2.0.3",
          "resolved": "https://registry.npmjs.org/inherits/-/inherits-2.0.3.tgz",
          "integrity": "sha1-Yzwsg+PaQqUC9SRmAiSA9CCCYd4=",
          "dev": true
        },
        "js-tokens": {
          "version": "3.0.2",
          "resolved": "https://registry.npmjs.org/js-tokens/-/js-tokens-3.0.2.tgz",
          "integrity": "sha1-mGbfOVECEw449/mWvOtlRDIJwls=",
          "dev": true
        },
        "minimatch": {
          "version": "3.0.4",
          "resolved": "https://registry.npmjs.org/minimatch/-/minimatch-3.0.4.tgz",
          "integrity": "sha512-yJHVQEhyqPLUTgt9B83PXu6W3rx4MvvHvSUvToogpwoGDOUQ+yDrR0HRot+yOCdCO7u4hX3pWft6kWBBcqh0UA==",
          "dev": true,
          "requires": {
            "brace-expansion": "1.1.11"
          }
        },
        "minimist": {
          "version": "0.0.10",
          "resolved": "https://registry.npmjs.org/minimist/-/minimist-0.0.10.tgz",
          "integrity": "sha1-3j+YVD2/lggr5IrRoMfNqDYwHc8=",
          "dev": true
        },
        "once": {
          "version": "1.4.0",
          "resolved": "https://registry.npmjs.org/once/-/once-1.4.0.tgz",
          "integrity": "sha1-WDsap3WWHUsROsF9nFC6753Xa9E=",
          "dev": true,
          "requires": {
            "wrappy": "1.0.2"
          }
        },
        "optimist": {
          "version": "0.6.1",
          "resolved": "https://registry.npmjs.org/optimist/-/optimist-0.6.1.tgz",
          "integrity": "sha1-2j6nRob6IaGaERwybpDrFaAZZoY=",
          "dev": true,
          "requires": {
            "minimist": "0.0.10",
            "wordwrap": "0.0.3"
          }
        },
        "path-is-absolute": {
          "version": "1.0.1",
          "resolved": "https://registry.npmjs.org/path-is-absolute/-/path-is-absolute-1.0.1.tgz",
          "integrity": "sha1-F0uSaHNVNP+8es5r9TpanhtcX18=",
          "dev": true
        },
        "path-parse": {
          "version": "1.0.6",
          "resolved": "https://registry.npmjs.org/path-parse/-/path-parse-1.0.6.tgz",
          "integrity": "sha512-GSmOT2EbHrINBf9SR7CDELwlJ8AENk3Qn7OikK4nFYAu3Ote2+JYNVvkpAEQm3/TLNEJFD/xZJjzyxg3KBWOzw==",
          "dev": true
        },
        "resolve": {
          "version": "1.8.1",
          "resolved": "https://registry.npmjs.org/resolve/-/resolve-1.8.1.tgz",
          "integrity": "sha512-AicPrAC7Qu1JxPCZ9ZgCZlY35QgFnNqc+0LtbRNxnVw4TXvjQ72wnuL9JQcEBgXkI9JM8MsT9kaQoHcpCRJOYA==",
          "dev": true,
          "requires": {
            "path-parse": "1.0.6"
          }
        },
        "semver": {
          "version": "5.5.1",
          "resolved": "https://registry.npmjs.org/semver/-/semver-5.5.1.tgz",
          "integrity": "sha512-PqpAxfrEhlSUWge8dwIp4tZnQ25DIOthpiaHNIthsjEFQD6EvqUKUDM7L8O2rShkFccYo1VjJR0coWfNkCubRw==",
          "dev": true
        },
        "strip-ansi": {
          "version": "3.0.1",
          "resolved": "https://registry.npmjs.org/strip-ansi/-/strip-ansi-3.0.1.tgz",
          "integrity": "sha1-ajhfuIU9lS1f8F0Oiq+UJ43GPc8=",
          "dev": true,
          "requires": {
            "ansi-regex": "2.1.1"
          }
        },
        "supports-color": {
          "version": "2.0.0",
          "resolved": "https://registry.npmjs.org/supports-color/-/supports-color-2.0.0.tgz",
          "integrity": "sha1-U10EXOa2Nj+kARcIRimZXp3zJMc=",
          "dev": true
        },
        "tsutils": {
          "version": "1.9.1",
          "resolved": "https://registry.npmjs.org/tsutils/-/tsutils-1.9.1.tgz",
          "integrity": "sha1-ufmrROVa+WgYMdXyjQrur1x1DLA=",
          "dev": true
        },
        "wordwrap": {
          "version": "0.0.3",
          "resolved": "https://registry.npmjs.org/wordwrap/-/wordwrap-0.0.3.tgz",
          "integrity": "sha1-o9XabNXAvAAI03I0u68b7WMFkQc=",
          "dev": true
        },
        "wrappy": {
          "version": "1.0.2",
          "resolved": "https://registry.npmjs.org/wrappy/-/wrappy-1.0.2.tgz",
          "integrity": "sha1-tSQ9jz7BqjXxNkYFvA0QNuMKtp8=",
          "dev": true
        }
      }
    },
    "typescript": {
      "version": "2.7.2",
      "resolved": "https://registry.npmjs.org/typescript/-/typescript-2.7.2.tgz",
      "integrity": "sha512-p5TCYZDAO0m4G344hD+wx/LATebLWZNkkh2asWUFqSsD2OrDNhbAHuSjobrmsUmdzjJjEeZVU9g1h3O6vpstnw==",
      "dev": true
    }
  }
}
